
Microsoft Visual Studio Solution File, Format Version 12.00
# Visual Studio Version 17
VisualStudioVersion = 17.2.32602.215
MinimumVisualStudioVersion = 10.0.40219.1
Project("{FAE04EC0-301F-11D3-BF4B-00C04F79EFBC}") = "JWTPractice", "JWTPractice\JWTPractice.csproj", "{807D6711-0D41-4001-B2A7-D77BD1B4D060}"
EndProject
Global
	GlobalSection(SolutionConfigurationPlatforms) = preSolution
		Debug|Any CPU = Debug|Any CPU
		Release|Any CPU = Release|Any CPU
	EndGlobalSection
	GlobalSection(ProjectConfigurationPlatforms) = postSolution
		{807D6711-0D41-4001-B2A7-D77BD1B4D060}.Debug|Any CPU.ActiveCfg = Debug|Any CPU
		{807D6711-0D41-4001-B2A7-D77BD1B4D060}.Debug|Any CPU.Build.0 = Debug|Any CPU
		{807D6711-0D41-4001-B2A7-D77BD1B4D060}.Release|Any CPU.ActiveCfg = Release|Any CPU
		{807D6711-0D41-4001-B2A7-D77BD1B4D060}.Release|Any CPU.Build.0 = Release|Any CPU
	EndGlobalSection
	GlobalSection(SolutionProperties) = preSolution
		HideSolutionNode = FALSE
	EndGlobalSection
	GlobalSection(ExtensibilityGlobals) = postSolution
		SolutionGuid = {B38389B6-D618-4438-B503-1DCA4AFAD1FC}
	EndGlobalSection
EndGlobal
